// !$*UTF8*$!
{
	archiveVersion = 1;
	classes = {
	};
	objectVersion = 77;
	objects = {

/* Begin PBXBuildFile section */
		02D7A588AC677280C686D8DD /* SampleData.swift in Sources */ = {isa = PBXBuildFile; fileRef = CCACC287684D148B6C75C94F /* SampleData.swift */; };
		0AB939B5C4907CBD8CD2BCE5 /* HomeView.swift in Sources */ = {isa = PBXBuildFile; fileRef = 19A659ACA7844B039CC6E3E3 /* HomeView.swift */; };
		10C6615D5203C5E06D9C2CF9 /* AppModel.swift in Sources */ = {isa = PBXBuildFile; fileRef = 752819BFD13B67854C54F1A0 /* AppModel.swift */; };
		1DFBD64F26F68ABE1A9B5193 /* AnalysisView.swift in Sources */ = {isa = PBXBuildFile; fileRef = 0020D03B6A8743286E629278 /* AnalysisView.swift */; };
		2984BA32200FEDDF49E697E0 /* Theme.swift in Sources */ = {isa = PBXBuildFile; fileRef = 96EDF9F440F10C712447019C /* Theme.swift */; };
		46907135EEBF113492A0AD2A /* SettingsView.swift in Sources */ = {isa = PBXBuildFile; fileRef = D1662FF1073C45ECA5F6AFB3 /* SettingsView.swift */; };
		531CD3A158BBA2E981252BBE /* GoalRoute.swift in Sources */ = {isa = PBXBuildFile; fileRef = 2903D2EDFECF97B14BC39A9B /* GoalRoute.swift */; };
		58928B75C405DBA0E4F75380 /* Recovery.swift in Sources */ = {isa = PBXBuildFile; fileRef = 73C006A8DED4674A51D6CDF7 /* Recovery.swift */; };
		5CB59D91AF71FB20220B5C04 /* App.swift in Sources */ = {isa = PBXBuildFile; fileRef = 0A149C71953E24CEC80C3679 /* App.swift */; };
		694758E07AFA7863C830EB9C /* drnk_ratio.json in Resources */ = {isa = PBXBuildFile; fileRef = E65B4DB38E46B4BA75E84041 /* drnk_ratio.json */; };
		7F4FF7AD5F5051BB7F274A1A /* GoalViews.swift in Sources */ = {isa = PBXBuildFile; fileRef = 68521199848D8FCA256D8B7B /* GoalViews.swift */; };
		9F562AC90F235FFD94E5BF80 /* Services.swift in Sources */ = {isa = PBXBuildFile; fileRef = 4439B2462725991C102336E8 /* Services.swift */; };
		A2B3098A96833AB4427043CB /* ShareCard.swift in Sources */ = {isa = PBXBuildFile; fileRef = 9D1A8DE32227186611CAE0D0 /* ShareCard.swift */; };
		B8B7ADD67557E414A6BE0B76 /* SettingsDetail.swift in Sources */ = {isa = PBXBuildFile; fileRef = A122F1E67A8269B4AF802387 /* SettingsDetail.swift */; };
		CB09D15A0B85AA1E4B93E903 /* AnalysisDetail.swift in Sources */ = {isa = PBXBuildFile; fileRef = F4C4668A7B9FECB1D2C27F7F /* AnalysisDetail.swift */; };
		CD0713B84C32526597218283 /* HoldingsView.swift in Sources */ = {isa = PBXBuildFile; fileRef = C1B93F44AA00A552A3868A92 /* HoldingsView.swift */; };
		CDC9A9B0B5F97C64D91F58A7 /* Industries.swift in Sources */ = {isa = PBXBuildFile; fileRef = F1D0C4109B5070AD88349788 /* Industries.swift */; };
		DC15E84938D3B3EDB0FB4481 /* ShelterView.swift in Sources */ = {isa = PBXBuildFile; fileRef = B9051E09656ED51EFBF91911 /* ShelterView.swift */; };
		E1B1111A3CFA95DFAE235456 /* Assets.xcassets in Resources */ = {isa = PBXBuildFile; fileRef = AF1B4BB6CF97D8922C1704B6 /* Assets.xcassets */; };
		E7DC3B4A6644BA706DB3609C /* MissionViews.swift in Sources */ = {isa = PBXBuildFile; fileRef = 8B0231D9975040C795003779 /* MissionViews.swift */; };
		EB12D002A2D45EFB5B3CB73D /* Charts.swift in Sources */ = {isa = PBXBuildFile; fileRef = 7C59880D308D978CDFD58A8E /* Charts.swift */; };
		FFBF09FFE7A73E919A8C69C3 /* BoardView.swift in Sources */ = {isa = PBXBuildFile; fileRef = FFF12A424D20E007AF664931 /* BoardView.swift */; };
/* End PBXBuildFile section */

/* Begin PBXFileReference section */
		0020D03B6A8743286E629278 /* AnalysisView.swift */ = {isa = PBXFileReference; lastKnownFileType = sourcecode.swift; path = AnalysisView.swift; sourceTree = "<group>"; };
		0A149C71953E24CEC80C3679 /* App.swift */ = {isa = PBXFileReference; lastKnownFileType = sourcecode.swift; path = App.swift; sourceTree = "<group>"; };
		19A659ACA7844B039CC6E3E3 /* HomeView.swift */ = {isa = PBXFileReference; lastKnownFileType = sourcecode.swift; path = HomeView.swift; sourceTree = "<group>"; };
		2903D2EDFECF97B14BC39A9B /* GoalRoute.swift */ = {isa = PBXFileReference; lastKnownFileType = sourcecode.swift; path = GoalRoute.swift; sourceTree = "<group>"; };
		4439B2462725991C102336E8 /* Services.swift */ = {isa = PBXFileReference; lastKnownFileType = sourcecode.swift; path = Services.swift; sourceTree = "<group>"; };
		68521199848D8FCA256D8B7B /* GoalViews.swift */ = {isa = PBXFileReference; lastKnownFileType = sourcecode.swift; path = GoalViews.swift; sourceTree = "<group>"; };
		73C006A8DED4674A51D6CDF7 /* Recovery.swift */ = {isa = PBXFileReference; lastKnownFileType = sourcecode.swift; path = Recovery.swift; sourceTree = "<group>"; };
		752819BFD13B67854C54F1A0 /* AppModel.swift */ = {isa = PBXFileReference; lastKnownFileType = sourcecode.swift; path = AppModel.swift; sourceTree = "<group>"; };
		7C59880D308D978CDFD58A8E /* Charts.swift */ = {isa = PBXFileReference; lastKnownFileType = sourcecode.swift; path = Charts.swift; sourceTree = "<group>"; };
		8380C2A50584D047AFCD6E3D /* Info.plist */ = {isa = PBXFileReference; lastKnownFileType = text.plist; path = Info.plist; sourceTree = "<group>"; };
		8B0231D9975040C795003779 /* MissionViews.swift */ = {isa = PBXFileReference; lastKnownFileType = sourcecode.swift; path = MissionViews.swift; sourceTree = "<group>"; };
		96EDF9F440F10C712447019C /* Theme.swift */ = {isa = PBXFileReference; lastKnownFileType = sourcecode.swift; path = Theme.swift; sourceTree = "<group>"; };
		9D1A8DE32227186611CAE0D0 /* ShareCard.swift */ = {isa = PBXFileReference; lastKnownFileType = sourcecode.swift; path = ShareCard.swift; sourceTree = "<group>"; };
		A122F1E67A8269B4AF802387 /* SettingsDetail.swift */ = {isa = PBXFileReference; lastKnownFileType = sourcecode.swift; path = SettingsDetail.swift; sourceTree = "<group>"; };
		AF1B4BB6CF97D8922C1704B6 /* Assets.xcassets */ = {isa = PBXFileReference; lastKnownFileType = folder.assetcatalog; path = Assets.xcassets; sourceTree = "<group>"; };
		B9051E09656ED51EFBF91911 /* ShelterView.swift */ = {isa = PBXFileReference; lastKnownFileType = sourcecode.swift; path = ShelterView.swift; sourceTree = "<group>"; };
		C1B93F44AA00A552A3868A92 /* HoldingsView.swift */ = {isa = PBXFileReference; lastKnownFileType = sourcecode.swift; path = HoldingsView.swift; sourceTree = "<group>"; };
		CCACC287684D148B6C75C94F /* SampleData.swift */ = {isa = PBXFileReference; lastKnownFileType = sourcecode.swift; path = SampleData.swift; sourceTree = "<group>"; };
		D1662FF1073C45ECA5F6AFB3 /* SettingsView.swift */ = {isa = PBXFileReference; lastKnownFileType = sourcecode.swift; path = SettingsView.swift; sourceTree = "<group>"; };
		E65B4DB38E46B4BA75E84041 /* drnk_ratio.json */ = {isa = PBXFileReference; lastKnownFileType = text.json; path = drnk_ratio.json; sourceTree = "<group>"; };
		F1D0C4109B5070AD88349788 /* Industries.swift */ = {isa = PBXFileReference; lastKnownFileType = sourcecode.swift; path = Industries.swift; sourceTree = "<group>"; };
		F34CF3A1B831F99BE76F325E /* NaeiloApp.app */ = {isa = PBXFileReference; includeInIndex = 0; lastKnownFileType = wrapper.application; path = NaeiloApp.app; sourceTree = BUILT_PRODUCTS_DIR; };
		F4C4668A7B9FECB1D2C27F7F /* AnalysisDetail.swift */ = {isa = PBXFileReference; lastKnownFileType = sourcecode.swift; path = AnalysisDetail.swift; sourceTree = "<group>"; };
		FFF12A424D20E007AF664931 /* BoardView.swift */ = {isa = PBXFileReference; lastKnownFileType = sourcecode.swift; path = BoardView.swift; sourceTree = "<group>"; };
/* End PBXFileReference section */

/* Begin PBXGroup section */
		75F568A375635F9FEAD2A9A2 /* Data */ = {
			isa = PBXGroup;
			children = (
				752819BFD13B67854C54F1A0 /* AppModel.swift */,
				2903D2EDFECF97B14BC39A9B /* GoalRoute.swift */,
				F1D0C4109B5070AD88349788 /* Industries.swift */,
				73C006A8DED4674A51D6CDF7 /* Recovery.swift */,
				CCACC287684D148B6C75C94F /* SampleData.swift */,
				4439B2462725991C102336E8 /* Services.swift */,
			);
			path = Data;
			sourceTree = "<group>";
		};
		85AFDE161B334BAE630AF09D /* Resources */ = {
			isa = PBXGroup;
			children = (
				E65B4DB38E46B4BA75E84041 /* drnk_ratio.json */,
			);
			path = Resources;
			sourceTree = "<group>";
		};
		90661100A71FAC0807F72580 /* Views */ = {
			isa = PBXGroup;
			children = (
				F4C4668A7B9FECB1D2C27F7F /* AnalysisDetail.swift */,
				0020D03B6A8743286E629278 /* AnalysisView.swift */,
				FFF12A424D20E007AF664931 /* BoardView.swift */,
				7C59880D308D978CDFD58A8E /* Charts.swift */,
				68521199848D8FCA256D8B7B /* GoalViews.swift */,
				C1B93F44AA00A552A3868A92 /* HoldingsView.swift */,
				19A659ACA7844B039CC6E3E3 /* HomeView.swift */,
				8B0231D9975040C795003779 /* MissionViews.swift */,
				A122F1E67A8269B4AF802387 /* SettingsDetail.swift */,
				D1662FF1073C45ECA5F6AFB3 /* SettingsView.swift */,
				9D1A8DE32227186611CAE0D0 /* ShareCard.swift */,
				B9051E09656ED51EFBF91911 /* ShelterView.swift */,
			);
			path = Views;
			sourceTree = "<group>";
		};
		966FF51AA3B80E1032443E76 /* Products */ = {
			isa = PBXGroup;
			children = (
				F34CF3A1B831F99BE76F325E /* NaeiloApp.app */,
			);
			name = Products;
			sourceTree = "<group>";
		};
		B2799FA28A6FE68EF88E385F /* Naeilo */ = {
			isa = PBXGroup;
			children = (
				0A149C71953E24CEC80C3679 /* App.swift */,
				AF1B4BB6CF97D8922C1704B6 /* Assets.xcassets */,
				8380C2A50584D047AFCD6E3D /* Info.plist */,
				96EDF9F440F10C712447019C /* Theme.swift */,
				75F568A375635F9FEAD2A9A2 /* Data */,
				85AFDE161B334BAE630AF09D /* Resources */,
				90661100A71FAC0807F72580 /* Views */,
			);
			path = Naeilo;
			sourceTree = "<group>";
		};
		EB02D6C12BCD6A12E1702B9D = {
			isa = PBXGroup;
			children = (
				B2799FA28A6FE68EF88E385F /* Naeilo */,
				966FF51AA3B80E1032443E76 /* Products */,
			);
			sourceTree = "<group>";
		};
/* End PBXGroup section */

/* Begin PBXNativeTarget section */
		4CD994AFCA420BCE79EF6287 /* NaeiloApp */ = {
			isa = PBXNativeTarget;
			buildConfigurationList = AF9D25BE1FA17B47208432C0 /* Build configuration list for PBXNativeTarget "NaeiloApp" */;
			buildPhases = (
				C7FF9AF98A7310DC6786FB02 /* Sources */,
				774616BC84B2C3A599B85107 /* Resources */,
			);
			buildRules = (
			);
			dependencies = (
			);
			name = NaeiloApp;
			packageProductDependencies = (
			);
			productName = NaeiloApp;
			productReference = F34CF3A1B831F99BE76F325E /* NaeiloApp.app */;
			productType = "com.apple.product-type.application";
		};
/* End PBXNativeTarget section */

/* Begin PBXProject section */
		8C78CE43616DD983FACD89C9 /* Project object */ = {
			isa = PBXProject;
			attributes = {
				BuildIndependentTargetsInParallel = YES;
				LastUpgradeCheck = 2600;
				TargetAttributes = {
					4CD994AFCA420BCE79EF6287 = {
						DevelopmentTeam = 252W43H2KE;
						ProvisioningStyle = Automatic;
					};
				};
			};
			buildConfigurationList = E046FACFCFD622A30E0F9F11 /* Build configuration list for PBXProject "NaeiloApp" */;
			developmentRegion = en;
			hasScannedForEncodings = 0;
			knownRegions = (
				Base,
				en,
			);
			mainGroup = EB02D6C12BCD6A12E1702B9D;
			minimizedProjectReferenceProxies = 1;
			preferredProjectObjectVersion = 77;
			productRefGroup = 966FF51AA3B80E1032443E76 /* Products */;
			projectDirPath = "";
			projectRoot = "";
			targets = (
				4CD994AFCA420BCE79EF6287 /* NaeiloApp */,
			);
		};
/* End PBXProject section */

/* Begin PBXResourcesBuildPhase section */
		774616BC84B2C3A599B85107 /* Resources */ = {
			isa = PBXResourcesBuildPhase;
			buildActionMask = 2147483647;
			files = (
				E1B1111A3CFA95DFAE235456 /* Assets.xcassets in Resources */,
				694758E07AFA7863C830EB9C /* drnk_ratio.json in Resources */,
			);
			runOnlyForDeploymentPostprocessing = 0;
		};
/* End PBXResourcesBuildPhase section */

/* Begin PBXSourcesBuildPhase section */
		C7FF9AF98A7310DC6786FB02 /* Sources */ = {
			isa = PBXSourcesBuildPhase;
			buildActionMask = 2147483647;
			files = (
				CB09D15A0B85AA1E4B93E903 /* AnalysisDetail.swift in Sources */,
				1DFBD64F26F68ABE1A9B5193 /* AnalysisView.swift in Sources */,
				5CB59D91AF71FB20220B5C04 /* App.swift in Sources */,
				10C6615D5203C5E06D9C2CF9 /* AppModel.swift in Sources */,
				FFBF09FFE7A73E919A8C69C3 /* BoardView.swift in Sources */,
				EB12D002A2D45EFB5B3CB73D /* Charts.swift in Sources */,
				531CD3A158BBA2E981252BBE /* GoalRoute.swift in Sources */,
				7F4FF7AD5F5051BB7F274A1A /* GoalViews.swift in Sources */,
				CD0713B84C32526597218283 /* HoldingsView.swift in Sources */,
				0AB939B5C4907CBD8CD2BCE5 /* HomeView.swift in Sources */,
				CDC9A9B0B5F97C64D91F58A7 /* Industries.swift in Sources */,
				E7DC3B4A6644BA706DB3609C /* MissionViews.swift in Sources */,
				58928B75C405DBA0E4F75380 /* Recovery.swift in Sources */,
				02D7A588AC677280C686D8DD /* SampleData.swift in Sources */,
				9F562AC90F235FFD94E5BF80 /* Services.swift in Sources */,
				B8B7ADD67557E414A6BE0B76 /* SettingsDetail.swift in Sources */,
				46907135EEBF113492A0AD2A /* SettingsView.swift in Sources */,
				A2B3098A96833AB4427043CB /* ShareCard.swift in Sources */,
				DC15E84938D3B3EDB0FB4481 /* ShelterView.swift in Sources */,
				2984BA32200FEDDF49E697E0 /* Theme.swift in Sources */,
			);
			runOnlyForDeploymentPostprocessing = 0;
		};
/* End PBXSourcesBuildPhase section */

/* Begin XCBuildConfiguration section */
		25B89E22945C75CB5B7C7D0B /* Debug */ = {
			isa = XCBuildConfiguration;
			buildSettings = {
				ASSETCATALOG_COMPILER_APPICON_NAME = AppIcon;
				CODE_SIGN_IDENTITY = "iPhone Developer";
				INFOPLIST_FILE = Naeilo/Info.plist;
				LD_RUNPATH_SEARCH_PATHS = (
					"$(inherited)",
					"@executable_path/Frameworks",
				);
				PRODUCT_BUNDLE_IDENTIFIER = com.naeilo.app;
				SDKROOT = iphoneos;
				TARGETED_DEVICE_FAMILY = "1,2";
			};
			name = Debug;
		};
		58F93CE5FC41A6627999EEAC /* Release */ = {
			isa = XCBuildConfiguration;
			buildSettings = {
				ASSETCATALOG_COMPILER_APPICON_NAME = AppIcon;
				CODE_SIGN_IDENTITY = "iPhone Developer";
				INFOPLIST_FILE = Naeilo/Info.plist;
				LD_RUNPATH_SEARCH_PATHS = (
					"$(inherited)",
					"@executable_path/Frameworks",
				);
				PRODUCT_BUNDLE_IDENTIFIER = com.naeilo.app;
				SDKROOT = iphoneos;
				TARGETED_DEVICE_FAMILY = "1,2";
			};
			name = Release;
		};
		72AAC524E4826297423654C5 /* Release */ = {
			isa = XCBuildConfiguration;
			buildSettings = {
				ALWAYS_SEARCH_USER_PATHS = NO;
				CLANG_ANALYZER_NONNULL = YES;
				CLANG_ANALYZER_NUMBER_OBJECT_CONVERSION = YES_AGGRESSIVE;
				CLANG_CXX_LANGUAGE_STANDARD = "gnu++14";
				CLANG_CXX_LIBRARY = "libc++";
				CLANG_ENABLE_MODULES = YES;
				CLANG_ENABLE_OBJC_ARC = YES;
				CLANG_ENABLE_OBJC_WEAK = YES;
				CLANG_WARN_BLOCK_CAPTURE_AUTORELEASING = YES;
				CLANG_WARN_BOOL_CONVERSION = YES;
				CLANG_WARN_COMMA = YES;
				CLANG_WARN_CONSTANT_CONVERSION = YES;
				CLANG_WARN_DEPRECATED_OBJC_IMPLEMENTATIONS = YES;
				CLANG_WARN_DIRECT_OBJC_ISA_USAGE = YES_ERROR;
				CLANG_WARN_DOCUMENTATION_COMMENTS = YES;
				CLANG_WARN_EMPTY_BODY = YES;
				CLANG_WARN_ENUM_CONVERSION = YES;
				CLANG_WARN_INFINITE_RECURSION = YES;
				CLANG_WARN_INT_CONVERSION = YES;
				CLANG_WARN_NON_LITERAL_NULL_CONVERSION = YES;
				CLANG_WARN_OBJC_IMPLICIT_RETAIN_SELF = YES;
				CLANG_WARN_OBJC_LITERAL_CONVERSION = YES;
				CLANG_WARN_OBJC_ROOT_CLASS = YES_ERROR;
				CLANG_WARN_QUOTED_INCLUDE_IN_FRAMEWORK_HEADER = YES;
				CLANG_WARN_RANGE_LOOP_ANALYSIS = YES;
				CLANG_WARN_STRICT_PROTOTYPES = YES;
				CLANG_WARN_SUSPICIOUS_MOVE = YES;
				CLANG_WARN_UNGUARDED_AVAILABILITY = YES_AGGRESSIVE;
				CLANG_WARN_UNREACHABLE_CODE = YES;
				CLANG_WARN__DUPLICATE_METHOD_MATCH = YES;
				CODE_SIGN_STYLE = Automatic;
				COPY_PHASE_STRIP = NO;
				CURRENT_PROJECT_VERSION = 1;
				DEBUG_INFORMATION_FORMAT = "dwarf-with-dsym";
				DEVELOPMENT_TEAM = 252W43H2KE;
				ENABLE_NS_ASSERTIONS = NO;
				ENABLE_STRICT_OBJC_MSGSEND = YES;
				GCC_C_LANGUAGE_STANDARD = gnu11;
				GCC_NO_COMMON_BLOCKS = YES;
				GCC_WARN_64_TO_32_BIT_CONVERSION = YES;
				GCC_WARN_ABOUT_RETURN_TYPE = YES_ERROR;
				GCC_WARN_UNDECLARED_SELECTOR = YES;
				GCC_WARN_UNINITIALIZED_AUTOS = YES_AGGRESSIVE;
				GCC_WARN_UNUSED_FUNCTION = YES;
				GCC_WARN_UNUSED_VARIABLE = YES;
				IPHONEOS_DEPLOYMENT_TARGET = 17.0;
				MARKETING_VERSION = 0.1;
				MTL_ENABLE_DEBUG_INFO = NO;
				MTL_FAST_MATH = YES;
				PRODUCT_NAME = "$(TARGET_NAME)";
				SDKROOT = iphoneos;
				SWIFT_COMPILATION_MODE = wholemodule;
				SWIFT_OPTIMIZATION_LEVEL = "-O";
				SWIFT_VERSION = 5.0;
				TARGETED_DEVICE_FAMILY = 1;
			};
			name = Release;
		};
		D92E76F917EFEFD58DCB0BB3 /* Debug */ = {
			isa = XCBuildConfiguration;
			buildSettings = {
				ALWAYS_SEARCH_USER_PATHS = NO;
				CLANG_ANALYZER_NONNULL = YES;
				CLANG_ANALYZER_NUMBER_OBJECT_CONVERSION = YES_AGGRESSIVE;
				CLANG_CXX_LANGUAGE_STANDARD = "gnu++14";
				CLANG_CXX_LIBRARY = "libc++";
				CLANG_ENABLE_MODULES = YES;
				CLANG_ENABLE_OBJC_ARC = YES;
				CLANG_ENABLE_OBJC_WEAK = YES;
				CLANG_WARN_BLOCK_CAPTURE_AUTORELEASING = YES;
				CLANG_WARN_BOOL_CONVERSION = YES;
				CLANG_WARN_COMMA = YES;
				CLANG_WARN_CONSTANT_CONVERSION = YES;
				CLANG_WARN_DEPRECATED_OBJC_IMPLEMENTATIONS = YES;
				CLANG_WARN_DIRECT_OBJC_ISA_USAGE = YES_ERROR;
				CLANG_WARN_DOCUMENTATION_COMMENTS = YES;
				CLANG_WARN_EMPTY_BODY = YES;
				CLANG_WARN_ENUM_CONVERSION = YES;
				CLANG_WARN_INFINITE_RECURSION = YES;
				CLANG_WARN_INT_CONVERSION = YES;
				CLANG_WARN_NON_LITERAL_NULL_CONVERSION = YES;
				CLANG_WARN_OBJC_IMPLICIT_RETAIN_SELF = YES;
				CLANG_WARN_OBJC_LITERAL_CONVERSION = YES;
				CLANG_WARN_OBJC_ROOT_CLASS = YES_ERROR;
				CLANG_WARN_QUOTED_INCLUDE_IN_FRAMEWORK_HEADER = YES;
				CLANG_WARN_RANGE_LOOP_ANALYSIS = YES;
				CLANG_WARN_STRICT_PROTOTYPES = YES;
				CLANG_WARN_SUSPICIOUS_MOVE = YES;
				CLANG_WARN_UNGUARDED_AVAILABILITY = YES_AGGRESSIVE;
				CLANG_WARN_UNREACHABLE_CODE = YES;
				CLANG_WARN__DUPLICATE_METHOD_MATCH = YES;
				CODE_SIGN_STYLE = Automatic;
				COPY_PHASE_STRIP = NO;
				CURRENT_PROJECT_VERSION = 1;
				DEBUG_INFORMATION_FORMAT = dwarf;
				DEVELOPMENT_TEAM = 252W43H2KE;
				ENABLE_STRICT_OBJC_MSGSEND = YES;
				ENABLE_TESTABILITY = YES;
				GCC_C_LANGUAGE_STANDARD = gnu11;
				GCC_DYNAMIC_NO_PIC = NO;
				GCC_NO_COMMON_BLOCKS = YES;
				GCC_OPTIMIZATION_LEVEL = 0;
				GCC_PREPROCESSOR_DEFINITIONS = (
					"$(inherited)",
					"DEBUG=1",
				);
				GCC_WARN_64_TO_32_BIT_CONVERSION = YES;
				GCC_WARN_ABOUT_RETURN_TYPE = YES_ERROR;
				GCC_WARN_UNDECLARED_SELECTOR = YES;
				GCC_WARN_UNINITIALIZED_AUTOS = YES_AGGRESSIVE;
				GCC_WARN_UNUSED_FUNCTION = YES;
				GCC_WARN_UNUSED_VARIABLE = YES;
				IPHONEOS_DEPLOYMENT_TARGET = 17.0;
				MARKETING_VERSION = 0.1;
				MTL_ENABLE_DEBUG_INFO = INCLUDE_SOURCE;
				MTL_FAST_MATH = YES;
				ONLY_ACTIVE_ARCH = YES;
				PRODUCT_NAME = "$(TARGET_NAME)";
				SDKROOT = iphoneos;
				SWIFT_ACTIVE_COMPILATION_CONDITIONS = DEBUG;
				SWIFT_OPTIMIZATION_LEVEL = "-Onone";
				SWIFT_VERSION = 5.0;
				TARGETED_DEVICE_FAMILY = 1;
			};
			name = Debug;
		};
/* End XCBuildConfiguration section */

/* Begin XCConfigurationList section */
		AF9D25BE1FA17B47208432C0 /* Build configuration list for PBXNativeTarget "NaeiloApp" */ = {
			isa = XCConfigurationList;
			buildConfigurations = (
				25B89E22945C75CB5B7C7D0B /* Debug */,
				58F93CE5FC41A6627999EEAC /* Release */,
			);
			defaultConfigurationIsVisible = 0;
			defaultConfigurationName = Debug;
		};
		E046FACFCFD622A30E0F9F11 /* Build configuration list for PBXProject "NaeiloApp" */ = {
			isa = XCConfigurationList;
			buildConfigurations = (
				D92E76F917EFEFD58DCB0BB3 /* Debug */,
				72AAC524E4826297423654C5 /* Release */,
			);
			defaultConfigurationIsVisible = 0;
			defaultConfigurationName = Debug;
		};
/* End XCConfigurationList section */
	};
	rootObject = 8C78CE43616DD983FACD89C9 /* Project object */;
}
